
Microsoft Visual Studio Solution File, Format Version 12.00
# Visual Studio Version 17
VisualStudioVersion = 17.7.34031.279
MinimumVisualStudioVersion = 10.0.40219.1
Project("{9A19103F-16F7-4668-BE54-9A1E7A4F7556}") = "Store", "Store\Store.csproj", "{4BE943A5-A640-4558-AA4C-0E3D1B5A18B0}"
EndProject
Project("{9A19103F-16F7-4668-BE54-9A1E7A4F7556}") = "Entities", "Entities\Entities.csproj", "{9FFCA492-D260-45BF-804C-6AB43A4E1535}"
EndProject
Project("{9A19103F-16F7-4668-BE54-9A1E7A4F7556}") = "Repositories", "Repositories\Repositories.csproj", "{30972CBA-70BD-482A-AC77-33FE89A5F337}"
EndProject
Project("{9A19103F-16F7-4668-BE54-9A1E7A4F7556}") = "Services", "Services\Services.csproj", "{ADD2D1B4-F05D-4F94-B363-7FF9B2C72575}"
EndProject
Global
	GlobalSection(SolutionConfigurationPlatforms) = preSolution
		Debug|Any CPU = Debug|Any CPU
		Release|Any CPU = Release|Any CPU
	EndGlobalSection
	GlobalSection(ProjectConfigurationPlatforms) = postSolution
		{4BE943A5-A640-4558-AA4C-0E3D1B5A18B0}.Debug|Any CPU.ActiveCfg = Debug|Any CPU
		{4BE943A5-A640-4558-AA4C-0E3D1B5A18B0}.Debug|Any CPU.Build.0 = Debug|Any CPU
		{4BE943A5-A640-4558-AA4C-0E3D1B5A18B0}.Release|Any CPU.ActiveCfg = Release|Any CPU
		{4BE943A5-A640-4558-AA4C-0E3D1B5A18B0}.Release|Any CPU.Build.0 = Release|Any CPU
		{9FFCA492-D260-45BF-804C-6AB43A4E1535}.Debug|Any CPU.ActiveCfg = Debug|Any CPU
		{9FFCA492-D260-45BF-804C-6AB43A4E1535}.Debug|Any CPU.Build.0 = Debug|Any CPU
		{9FFCA492-D260-45BF-804C-6AB43A4E1535}.Release|Any CPU.ActiveCfg = Release|Any CPU
		{9FFCA492-D260-45BF-804C-6AB43A4E1535}.Release|Any CPU.Build.0 = Release|Any CPU
		{30972CBA-70BD-482A-AC77-33FE89A5F337}.Debug|Any CPU.ActiveCfg = Debug|Any CPU
		{30972CBA-70BD-482A-AC77-33FE89A5F337}.Debug|Any CPU.Build.0 = Debug|Any CPU
		{30972CBA-70BD-482A-AC77-33FE89A5F337}.Release|Any CPU.ActiveCfg = Release|Any CPU
		{30972CBA-70BD-482A-AC77-33FE89A5F337}.Release|Any CPU.Build.0 = Release|Any CPU
		{ADD2D1B4-F05D-4F94-B363-7FF9B2C72575}.Debug|Any CPU.ActiveCfg = Debug|Any CPU
		{ADD2D1B4-F05D-4F94-B363-7FF9B2C72575}.Debug|Any CPU.Build.0 = Debug|Any CPU
		{ADD2D1B4-F05D-4F94-B363-7FF9B2C72575}.Release|Any CPU.ActiveCfg = Release|Any CPU
		{ADD2D1B4-F05D-4F94-B363-7FF9B2C72575}.Release|Any CPU.Build.0 = Release|Any CPU
	EndGlobalSection
	GlobalSection(SolutionProperties) = preSolution
		HideSolutionNode = FALSE
	EndGlobalSection
	GlobalSection(ExtensibilityGlobals) = postSolution
		SolutionGuid = {C29028B7-1844-4D63-BC73-EA9095B363DC}
	EndGlobalSection
EndGlobal
